
Microsoft Visual Studio Solution File, Format Version 12.00
# Visual Studio Version 16
VisualStudioVersion = 16.0.33529.622
MinimumVisualStudioVersion = 10.0.40219.1
Project("{8BC9CEB8-8B4A-11D0-8D11-00A0C91BC942}") = "Prog2_SoS2023_verketteteListe_newElement", "Prog2_SoS2023_verketteteListe_newElement\Prog2_SoS2023_verketteteListe_newElement.vcxproj", "{CE68ED22-1CD7-4621-866A-7917400F0A53}"
EndProject
Global
	GlobalSection(SolutionConfigurationPlatforms) = preSolution
		Debug|x64 = Debug|x64
		Debug|x86 = Debug|x86
		Release|x64 = Release|x64
		Release|x86 = Release|x86
	EndGlobalSection
	GlobalSection(ProjectConfigurationPlatforms) = postSolution
		{CE68ED22-1CD7-4621-866A-7917400F0A53}.Debug|x64.ActiveCfg = Debug|x64
		{CE68ED22-1CD7-4621-866A-7917400F0A53}.Debug|x64.Build.0 = Debug|x64
		{CE68ED22-1CD7-4621-866A-7917400F0A53}.Debug|x86.ActiveCfg = Debug|Win32
		{CE68ED22-1CD7-4621-866A-7917400F0A53}.Debug|x86.Build.0 = Debug|Win32
		{CE68ED22-1CD7-4621-866A-7917400F0A53}.Release|x64.ActiveCfg = Release|x64
		{CE68ED22-1CD7-4621-866A-7917400F0A53}.Release|x64.Build.0 = Release|x64
		{CE68ED22-1CD7-4621-866A-7917400F0A53}.Release|x86.ActiveCfg = Release|Win32
		{CE68ED22-1CD7-4621-866A-7917400F0A53}.Release|x86.Build.0 = Release|Win32
	EndGlobalSection
	GlobalSection(SolutionProperties) = preSolution
		HideSolutionNode = FALSE
	EndGlobalSection
	GlobalSection(ExtensibilityGlobals) = postSolution
		SolutionGuid = {A5B534C1-CF82-410D-BE93-18A7E377DBB0}
	EndGlobalSection
EndGlobal
